
Microsoft Visual Studio Solution File, Format Version 12.00
# Visual Studio Version 17
VisualStudioVersion = 17.0.31903.59
MinimumVisualStudioVersion = 10.0.40219.1
Project("{2150E333-8FDC-42A3-9474-1A3956D46DE8}") = "src", "src", "{43235060-A6E9-4018-9B75-D8562764BC5A}"
EndProject
Project("{FAE04EC0-301F-11D3-BF4B-00C04F79EFBC}") = "Api", "src\Api\Api.csproj", "{5BFCC43F-B833-4001-9C2B-8C9C91C5E174}"
EndProject
Project("{FAE04EC0-301F-11D3-BF4B-00C04F79EFBC}") = "Client", "src\Client\Client.csproj", "{53C0F6B6-1C2D-42FC-B29D-D4E8A1306E1C}"
EndProject
Project("{FAE04EC0-301F-11D3-BF4B-00C04F79EFBC}") = "WebClient", "src\WebClient\WebClient.csproj", "{CF17AFF9-1F58-4CDF-BF8F-C6D38DBF438D}"
EndProject
Project("{FAE04EC0-301F-11D3-BF4B-00C04F79EFBC}") = "IdentityServerAspNetIdentity", "src\IdentityServerAspNetIdentity\IdentityServerAspNetIdentity.csproj", "{EBDAD231-D750-4DF6-BF94-B62CE7DCD193}"
EndProject
Project("{FAE04EC0-301F-11D3-BF4B-00C04F79EFBC}") = "JavaScriptClient", "src\JavaScriptClient\JavaScriptClient.csproj", "{1CA9ED73-3A32-494B-927E-54C5607DCCE5}"
EndProject
Global
	GlobalSection(SolutionConfigurationPlatforms) = preSolution
		Debug|Any CPU = Debug|Any CPU
		Release|Any CPU = Release|Any CPU
	EndGlobalSection
	GlobalSection(SolutionProperties) = preSolution
		HideSolutionNode = FALSE
	EndGlobalSection
	GlobalSection(ProjectConfigurationPlatforms) = postSolution
		{5BFCC43F-B833-4001-9C2B-8C9C91C5E174}.Debug|Any CPU.ActiveCfg = Debug|Any CPU
		{5BFCC43F-B833-4001-9C2B-8C9C91C5E174}.Debug|Any CPU.Build.0 = Debug|Any CPU
		{5BFCC43F-B833-4001-9C2B-8C9C91C5E174}.Release|Any CPU.ActiveCfg = Release|Any CPU
		{5BFCC43F-B833-4001-9C2B-8C9C91C5E174}.Release|Any CPU.Build.0 = Release|Any CPU
		{53C0F6B6-1C2D-42FC-B29D-D4E8A1306E1C}.Debug|Any CPU.ActiveCfg = Debug|Any CPU
		{53C0F6B6-1C2D-42FC-B29D-D4E8A1306E1C}.Debug|Any CPU.Build.0 = Debug|Any CPU
		{53C0F6B6-1C2D-42FC-B29D-D4E8A1306E1C}.Release|Any CPU.ActiveCfg = Release|Any CPU
		{53C0F6B6-1C2D-42FC-B29D-D4E8A1306E1C}.Release|Any CPU.Build.0 = Release|Any CPU
		{CF17AFF9-1F58-4CDF-BF8F-C6D38DBF438D}.Debug|Any CPU.ActiveCfg = Debug|Any CPU
		{CF17AFF9-1F58-4CDF-BF8F-C6D38DBF438D}.Debug|Any CPU.Build.0 = Debug|Any CPU
		{CF17AFF9-1F58-4CDF-BF8F-C6D38DBF438D}.Release|Any CPU.ActiveCfg = Release|Any CPU
		{CF17AFF9-1F58-4CDF-BF8F-C6D38DBF438D}.Release|Any CPU.Build.0 = Release|Any CPU
		{EBDAD231-D750-4DF6-BF94-B62CE7DCD193}.Debug|Any CPU.ActiveCfg = Debug|Any CPU
		{EBDAD231-D750-4DF6-BF94-B62CE7DCD193}.Debug|Any CPU.Build.0 = Debug|Any CPU
		{EBDAD231-D750-4DF6-BF94-B62CE7DCD193}.Release|Any CPU.ActiveCfg = Release|Any CPU
		{EBDAD231-D750-4DF6-BF94-B62CE7DCD193}.Release|Any CPU.Build.0 = Release|Any CPU
		{1CA9ED73-3A32-494B-927E-54C5607DCCE5}.Debug|Any CPU.ActiveCfg = Debug|Any CPU
		{1CA9ED73-3A32-494B-927E-54C5607DCCE5}.Debug|Any CPU.Build.0 = Debug|Any CPU
		{1CA9ED73-3A32-494B-927E-54C5607DCCE5}.Release|Any CPU.ActiveCfg = Release|Any CPU
		{1CA9ED73-3A32-494B-927E-54C5607DCCE5}.Release|Any CPU.Build.0 = Release|Any CPU
	EndGlobalSection
	GlobalSection(NestedProjects) = preSolution
		{5BFCC43F-B833-4001-9C2B-8C9C91C5E174} = {43235060-A6E9-4018-9B75-D8562764BC5A}
		{53C0F6B6-1C2D-42FC-B29D-D4E8A1306E1C} = {43235060-A6E9-4018-9B75-D8562764BC5A}
		{CF17AFF9-1F58-4CDF-BF8F-C6D38DBF438D} = {43235060-A6E9-4018-9B75-D8562764BC5A}
		{EBDAD231-D750-4DF6-BF94-B62CE7DCD193} = {43235060-A6E9-4018-9B75-D8562764BC5A}
		{1CA9ED73-3A32-494B-927E-54C5607DCCE5} = {43235060-A6E9-4018-9B75-D8562764BC5A}
	EndGlobalSection
EndGlobal
